lockfileVersion: 5.3

specifiers:
  pnpm: ^6.24.4
  typescript: ^4.5.4

devDependencies:
  pnpm: 6.24.4
  typescript: 4.5.4

packages:

  /pnpm/6.24.4:
    resolution: {integrity: sha512-bUdRZ1TIZDlfohEb4ONI0Zb+KiEq6N7Zwb41S7Yi66gWLIvZUKFxMPxnKjfpArS+3i8YQzoEwJd8bE2cIweLyg==}
    engines: {node: '>=12.17'}
    hasBin: true
    dev: true

  /typescript/4.5.4:
    resolution: {integrity: sha512-VgYs2A2QIRuGphtzFV7aQJduJ2gyfTljngLzjpfW9FoYZF6xuw1W0vW9ghCKLfcWrCFxK81CSGRAvS1pn4fIUg==}
    engines: {node: '>=4.2.0'}
    hasBin: true
    dev: true
